
Microsoft Visual Studio Solution File, Format Version 12.00
# Visual Studio 14
VisualStudioVersion = 14.0.24720.0
MinimumVisualStudioVersion = 10.0.40219.1
Project("{2150E333-8FDC-42A3-9474-1A3956D46DE8}") = "Solution Items", "Solution Items", "{AF6131F4-EC5F-40EE-AB2B-26517F2B1834}"
	ProjectSection(SolutionItems) = preProject
		global.json = global.json
		README.md = README.md
	EndProjectSection
EndProject
Project("{8BB2217D-0F2D-49D1-97BC-3654ED321F3B}") = "Microsoft.AspNet.SignalR.Server", "src\Microsoft.AspNet.SignalR.Server\Microsoft.AspNet.SignalR.Server.xproj", "{1E7F548C-CB60-46A1-B431-D67825A32698}"
EndProject
Project("{8BB2217D-0F2D-49D1-97BC-3654ED321F3B}") = "Microsoft.AspNet.SignalR.Messaging", "src\Microsoft.AspNet.SignalR.Messaging\Microsoft.AspNet.SignalR.Messaging.xproj", "{1A8EEF26-BA42-496D-9CAE-722581F9777C}"
EndProject
Project("{8BB2217D-0F2D-49D1-97BC-3654ED321F3B}") = "Microsoft.AspNet.SignalR.Sources", "src\Microsoft.AspNet.SignalR.Sources\Microsoft.AspNet.SignalR.Sources.xproj", "{C41C7A05-ADC3-4771-8F8D-18B86CE7FACC}"
EndProject
Project("{8BB2217D-0F2D-49D1-97BC-3654ED321F3B}") = "AspNet5Angular2Demo", "src\AspNet5Angular2Demo\AspNet5Angular2Demo.xproj", "{7E9DAC2E-8460-4CEB-AEF1-ACCB8B2E71CE}"
EndProject
Global
	GlobalSection(SolutionConfigurationPlatforms) = preSolution
		Debug|Any CPU = Debug|Any CPU
		Release|Any CPU = Release|Any CPU
	EndGlobalSection
	GlobalSection(ProjectConfigurationPlatforms) = postSolution
		{1E7F548C-CB60-46A1-B431-D67825A32698}.Debug|Any CPU.ActiveCfg = Debug|Any CPU
		{1E7F548C-CB60-46A1-B431-D67825A32698}.Debug|Any CPU.Build.0 = Debug|Any CPU
		{1E7F548C-CB60-46A1-B431-D67825A32698}.Release|Any CPU.ActiveCfg = Release|Any CPU
		{1E7F548C-CB60-46A1-B431-D67825A32698}.Release|Any CPU.Build.0 = Release|Any CPU
		{1A8EEF26-BA42-496D-9CAE-722581F9777C}.Debug|Any CPU.ActiveCfg = Debug|Any CPU
		{1A8EEF26-BA42-496D-9CAE-722581F9777C}.Debug|Any CPU.Build.0 = Debug|Any CPU
		{1A8EEF26-BA42-496D-9CAE-722581F9777C}.Release|Any CPU.ActiveCfg = Release|Any CPU
		{1A8EEF26-BA42-496D-9CAE-722581F9777C}.Release|Any CPU.Build.0 = Release|Any CPU
		{C41C7A05-ADC3-4771-8F8D-18B86CE7FACC}.Debug|Any CPU.ActiveCfg = Debug|Any CPU
		{C41C7A05-ADC3-4771-8F8D-18B86CE7FACC}.Debug|Any CPU.Build.0 = Debug|Any CPU
		{C41C7A05-ADC3-4771-8F8D-18B86CE7FACC}.Release|Any CPU.ActiveCfg = Release|Any CPU
		{C41C7A05-ADC3-4771-8F8D-18B86CE7FACC}.Release|Any CPU.Build.0 = Release|Any CPU
		{7E9DAC2E-8460-4CEB-AEF1-ACCB8B2E71CE}.Debug|Any CPU.ActiveCfg = Debug|Any CPU
		{7E9DAC2E-8460-4CEB-AEF1-ACCB8B2E71CE}.Debug|Any CPU.Build.0 = Debug|Any CPU
		{7E9DAC2E-8460-4CEB-AEF1-ACCB8B2E71CE}.Release|Any CPU.ActiveCfg = Release|Any CPU
		{7E9DAC2E-8460-4CEB-AEF1-ACCB8B2E71CE}.Release|Any CPU.Build.0 = Release|Any CPU
	EndGlobalSection
	GlobalSection(SolutionProperties) = preSolution
		HideSolutionNode = FALSE
	EndGlobalSection
EndGlobal
