
Microsoft Visual Studio Solution File, Format Version 12.00
# Visual Studio Version 16
VisualStudioVersion = 16.0.28803.202
MinimumVisualStudioVersion = 10.0.40219.1
Project("{FAE04EC0-301F-11D3-BF4B-00C04F79EFBC}") = "ASPNETCore", "ASPNETCore\ASPNETCore.csproj", "{649CCF7E-7B21-46E7-ACDC-4FFCC3B0EA7C}"
EndProject
Global
	GlobalSection(SolutionConfigurationPlatforms) = preSolution
		Debug|Any CPU = Debug|Any CPU
		Release|Any CPU = Release|Any CPU
	EndGlobalSection
	GlobalSection(ProjectConfigurationPlatforms) = postSolution
		{649CCF7E-7B21-46E7-ACDC-4FFCC3B0EA7C}.Debug|Any CPU.ActiveCfg = Debug|Any CPU
		{649CCF7E-7B21-46E7-ACDC-4FFCC3B0EA7C}.Debug|Any CPU.Build.0 = Debug|Any CPU
		{649CCF7E-7B21-46E7-ACDC-4FFCC3B0EA7C}.Release|Any CPU.ActiveCfg = Release|Any CPU
		{649CCF7E-7B21-46E7-ACDC-4FFCC3B0EA7C}.Release|Any CPU.Build.0 = Release|Any CPU
	EndGlobalSection
	GlobalSection(SolutionProperties) = preSolution
		HideSolutionNode = FALSE
	EndGlobalSection
	GlobalSection(ExtensibilityGlobals) = postSolution
		SolutionGuid = {FF3A9EA0-540C-46E9-B527-53D95C41CBC3}
	EndGlobalSection
EndGlobal
